// !$*UTF8*$!
{
	archiveVersion = 1;
	classes = {
	};
	objectVersion = 50;
	objects = {

/* Begin PBXBuildFile section */
		C412A73721AE975E00708873 /* AppDelegate.m in Sources */ = {isa = PBXBuildFile; fileRef = C412A73621AE975E00708873 /* AppDelegate.m */; };
		C412A73D21AE975E00708873 /* Main.storyboard in Resources */ = {isa = PBXBuildFile; fileRef = C412A73B21AE975E00708873 /* Main.storyboard */; };
		C412A74021AE975E00708873 /* NumberTable.xcdatamodeld in Sources */ = {isa = PBXBuildFile; fileRef = C412A73E21AE975E00708873 /* NumberTable.xcdatamodeld */; };
		C412A74221AE976000708873 /* Assets.xcassets in Resources */ = {isa = PBXBuildFile; fileRef = C412A74121AE976000708873 /* Assets.xcassets */; };
		C412A74521AE976000708873 /* LaunchScreen.storyboard in Resources */ = {isa = PBXBuildFile; fileRef = C412A74321AE976000708873 /* LaunchScreen.storyboard */; };
		C412A74821AE976000708873 /* main.m in Sources */ = {isa = PBXBuildFile; fileRef = C412A74721AE976000708873 /* main.m */; };
		C412A75021AE97A800708873 /* NTNumber.m in Sources */ = {isa = PBXBuildFile; fileRef = C412A74F21AE97A800708873 /* NTNumber.m */; };
		C412A75321AE97C700708873 /* NTNumberStore.m in Sources */ = {isa = PBXBuildFile; fileRef = C412A75221AE97C700708873 /* NTNumberStore.m */; };
		C412A75921AE986600708873 /* NTFavouritesViewModel.m in Sources */ = {isa = PBXBuildFile; fileRef = C412A75821AE986600708873 /* NTFavouritesViewModel.m */; };
		C412A75C21AE987000708873 /* NTStatsViewModel.m in Sources */ = {isa = PBXBuildFile; fileRef = C412A75B21AE987000708873 /* NTStatsViewModel.m */; };
		C412A75F21AE98A300708873 /* NTListDetailViewModel.m in Sources */ = {isa = PBXBuildFile; fileRef = C412A75E21AE98A300708873 /* NTListDetailViewModel.m */; };
		C412A77821AFAA1100708873 /* NTItem.m in Sources */ = {isa = PBXBuildFile; fileRef = C412A77721AFAA1100708873 /* NTItem.m */; };
		C412A77B21AFADAA00708873 /* NTNumberConverter.m in Sources */ = {isa = PBXBuildFile; fileRef = C412A77A21AFADAA00708873 /* NTNumberConverter.m */; };
		C412A79021B1087700708873 /* NTListDetailViewController.m in Sources */ = {isa = PBXBuildFile; fileRef = C412A78421B1087600708873 /* NTListDetailViewController.m */; };
		C412A79121B1087700708873 /* NTListTableViewCell.m in Sources */ = {isa = PBXBuildFile; fileRef = C412A78721B1087600708873 /* NTListTableViewCell.m */; };
		C412A79321B1087700708873 /* NTStatsViewController.m in Sources */ = {isa = PBXBuildFile; fileRef = C412A78B21B1087700708873 /* NTStatsViewController.m */; };
		C412A79421B1087700708873 /* NTListViewController.m in Sources */ = {isa = PBXBuildFile; fileRef = C412A78D21B1087700708873 /* NTListViewController.m */; };
		C46256D121B8F18100809B23 /* NTChartView.m in Sources */ = {isa = PBXBuildFile; fileRef = C46256D021B8F18100809B23 /* NTChartView.m */; };
		C46256D421B92F3900809B23 /* NTAddItemToListTableViewCell.m in Sources */ = {isa = PBXBuildFile; fileRef = C46256D321B92F3900809B23 /* NTAddItemToListTableViewCell.m */; };
		C46256D721BBADD500809B23 /* NTListFatherViewModel.m in Sources */ = {isa = PBXBuildFile; fileRef = C46256D621BBADD500809B23 /* NTListFatherViewModel.m */; };
		C46256DA21BBAFAD00809B23 /* NTListViewModel.m in Sources */ = {isa = PBXBuildFile; fileRef = C46256D921BBAFAD00809B23 /* NTListViewModel.m */; };
		C46256DD21BF949C00809B23 /* NTArchiverAndUnarchiver.m in Sources */ = {isa = PBXBuildFile; fileRef = C46256DC21BF949C00809B23 /* NTArchiverAndUnarchiver.m */; };
/* End PBXBuildFile section */

/* Begin PBXFileReference section */
		C412A73221AE975E00708873 /* NumberTable.app */ = {isa = PBXFileReference; explicitFileType = wrapper.application; includeInIndex = 0; path = NumberTable.app; sourceTree = BUILT_PRODUCTS_DIR; };
		C412A73521AE975E00708873 /* AppDelegate.h */ = {isa = PBXFileReference; lastKnownFileType = sourcecode.c.h; path = AppDelegate.h; sourceTree = "<group>"; };
		C412A73621AE975E00708873 /* AppDelegate.m */ = {isa = PBXFileReference; lastKnownFileType = sourcecode.c.objc; path = AppDelegate.m; sourceTree = "<group>"; };
		C412A73C21AE975E00708873 /* Base */ = {isa = PBXFileReference; lastKnownFileType = file.storyboard; name = Base; path = Base.lproj/Main.storyboard; sourceTree = "<group>"; };
		C412A73F21AE975E00708873 /* NumberTable.xcdatamodel */ = {isa = PBXFileReference; lastKnownFileType = wrapper.xcdatamodel; path = NumberTable.xcdatamodel; sourceTree = "<group>"; };
		C412A74121AE976000708873 /* Assets.xcassets */ = {isa = PBXFileReference; lastKnownFileType = folder.assetcatalog; path = Assets.xcassets; sourceTree = "<group>"; };
		C412A74421AE976000708873 /* Base */ = {isa = PBXFileReference; lastKnownFileType = file.storyboard; name = Base; path = Base.lproj/LaunchScreen.storyboard; sourceTree = "<group>"; };
		C412A74621AE976000708873 /* Info.plist */ = {isa = PBXFileReference; lastKnownFileType = text.plist.xml; path = Info.plist; sourceTree = "<group>"; };
		C412A74721AE976000708873 /* main.m */ = {isa = PBXFileReference; lastKnownFileType = sourcecode.c.objc; path = main.m; sourceTree = "<group>"; };
		C412A74E21AE97A800708873 /* NTNumber.h */ = {isa = PBXFileReference; lastKnownFileType = sourcecode.c.h; path = NTNumber.h; sourceTree = "<group>"; };
		C412A74F21AE97A800708873 /* NTNumber.m */ = {isa = PBXFileReference; lastKnownFileType = sourcecode.c.objc; path = NTNumber.m; sourceTree = "<group>"; };
		C412A75121AE97C700708873 /* NTNumberStore.h */ = {isa = PBXFileReference; lastKnownFileType = sourcecode.c.h; path = NTNumberStore.h; sourceTree = "<group>"; };
		C412A75221AE97C700708873 /* NTNumberStore.m */ = {isa = PBXFileReference; lastKnownFileType = sourcecode.c.objc; path = NTNumberStore.m; sourceTree = "<group>"; };
		C412A75721AE986600708873 /* NTFavouritesViewModel.h */ = {isa = PBXFileReference; lastKnownFileType = sourcecode.c.h; path = NTFavouritesViewModel.h; sourceTree = "<group>"; };
		C412A75821AE986600708873 /* NTFavouritesViewModel.m */ = {isa = PBXFileReference; lastKnownFileType = sourcecode.c.objc; path = NTFavouritesViewModel.m; sourceTree = "<group>"; };
		C412A75A21AE987000708873 /* NTStatsViewModel.h */ = {isa = PBXFileReference; lastKnownFileType = sourcecode.c.h; path = NTStatsViewModel.h; sourceTree = "<group>"; };
		C412A75B21AE987000708873 /* NTStatsViewModel.m */ = {isa = PBXFileReference; lastKnownFileType = sourcecode.c.objc; path = NTStatsViewModel.m; sourceTree = "<group>"; };
		C412A75D21AE98A300708873 /* NTListDetailViewModel.h */ = {isa = PBXFileReference; lastKnownFileType = sourcecode.c.h; path = NTListDetailViewModel.h; sourceTree = "<group>"; };
		C412A75E21AE98A300708873 /* NTListDetailViewModel.m */ = {isa = PBXFileReference; lastKnownFileType = sourcecode.c.objc; path = NTListDetailViewModel.m; sourceTree = "<group>"; };
		C412A76021AE996E00708873 /* NTSharingFavouriteOrUnfavavourite.h */ = {isa = PBXFileReference; lastKnownFileType = sourcecode.c.h; path = NTSharingFavouriteOrUnfavavourite.h; sourceTree = "<group>"; };
		C412A77621AFAA1100708873 /* NTItem.h */ = {isa = PBXFileReference; lastKnownFileType = sourcecode.c.h; path = NTItem.h; sourceTree = "<group>"; };
		C412A77721AFAA1100708873 /* NTItem.m */ = {isa = PBXFileReference; lastKnownFileType = sourcecode.c.objc; path = NTItem.m; sourceTree = "<group>"; };
		C412A77921AFADAA00708873 /* NTNumberConverter.h */ = {isa = PBXFileReference; lastKnownFileType = sourcecode.c.h; path = NTNumberConverter.h; sourceTree = "<group>"; };
		C412A77A21AFADAA00708873 /* NTNumberConverter.m */ = {isa = PBXFileReference; lastKnownFileType = sourcecode.c.objc; path = NTNumberConverter.m; sourceTree = "<group>"; };
		C412A78421B1087600708873 /* NTListDetailViewController.m */ = {isa = PBXFileReference; fileEncoding = 4; lastKnownFileType = sourcecode.c.objc; path = NTListDetailViewController.m; sourceTree = "<group>"; };
		C412A78721B1087600708873 /* NTListTableViewCell.m */ = {isa = PBXFileReference; fileEncoding = 4; lastKnownFileType = sourcecode.c.objc; path = NTListTableViewCell.m; sourceTree = "<group>"; };
		C412A78821B1087600708873 /* NTListDetailViewController.h */ = {isa = PBXFileReference; fileEncoding = 4; lastKnownFileType = sourcecode.c.h; path = NTListDetailViewController.h; sourceTree = "<group>"; };
		C412A78A21B1087700708873 /* NTListTableViewCell.h */ = {isa = PBXFileReference; fileEncoding = 4; lastKnownFileType = sourcecode.c.h; path = NTListTableViewCell.h; sourceTree = "<group>"; };
		C412A78B21B1087700708873 /* NTStatsViewController.m */ = {isa = PBXFileReference; fileEncoding = 4; lastKnownFileType = sourcecode.c.objc; path = NTStatsViewController.m; sourceTree = "<group>"; };
		C412A78C21B1087700708873 /* NTStatsViewController.h */ = {isa = PBXFileReference; fileEncoding = 4; lastKnownFileType = sourcecode.c.h; path = NTStatsViewController.h; sourceTree = "<group>"; };
		C412A78D21B1087700708873 /* NTListViewController.m */ = {isa = PBXFileReference; fileEncoding = 4; lastKnownFileType = sourcecode.c.objc; path = NTListViewController.m; sourceTree = "<group>"; };
		C412A78E21B1087700708873 /* NTListViewController.h */ = {isa = PBXFileReference; fileEncoding = 4; lastKnownFileType = sourcecode.c.h; path = NTListViewController.h; sourceTree = "<group>"; };
		C412A79E21B531EA00708873 /* NTNumberTableViewCellDelegate.h */ = {isa = PBXFileReference; lastKnownFileType = sourcecode.c.h; path = NTNumberTableViewCellDelegate.h; sourceTree = "<group>"; };
		C46256CE21B8EAC000809B23 /* NTListDetailViewControllerDelegate.h */ = {isa = PBXFileReference; lastKnownFileType = sourcecode.c.h; path = NTListDetailViewControllerDelegate.h; sourceTree = "<group>"; };
		C46256CF21B8F18100809B23 /* NTChartView.h */ = {isa = PBXFileReference; lastKnownFileType = sourcecode.c.h; path = NTChartView.h; sourceTree = "<group>"; };
		C46256D021B8F18100809B23 /* NTChartView.m */ = {isa = PBXFileReference; lastKnownFileType = sourcecode.c.objc; path = NTChartView.m; sourceTree = "<group>"; };
		C46256D221B92F3900809B23 /* NTAddItemToListTableViewCell.h */ = {isa = PBXFileReference; lastKnownFileType = sourcecode.c.h; path = NTAddItemToListTableViewCell.h; sourceTree = "<group>"; };
		C46256D321B92F3900809B23 /* NTAddItemToListTableViewCell.m */ = {isa = PBXFileReference; lastKnownFileType = sourcecode.c.objc; path = NTAddItemToListTableViewCell.m; sourceTree = "<group>"; };
		C46256D521BBADD500809B23 /* NTListFatherViewModel.h */ = {isa = PBXFileReference; lastKnownFileType = sourcecode.c.h; path = NTListFatherViewModel.h; sourceTree = "<group>"; };
		C46256D621BBADD500809B23 /* NTListFatherViewModel.m */ = {isa = PBXFileReference; lastKnownFileType = sourcecode.c.objc; path = NTListFatherViewModel.m; sourceTree = "<group>"; };
		C46256D821BBAFAD00809B23 /* NTListViewModel.h */ = {isa = PBXFileReference; lastKnownFileType = sourcecode.c.h; path = NTListViewModel.h; sourceTree = "<group>"; };
		C46256D921BBAFAD00809B23 /* NTListViewModel.m */ = {isa = PBXFileReference; lastKnownFileType = sourcecode.c.objc; path = NTListViewModel.m; sourceTree = "<group>"; };
		C46256DB21BF949C00809B23 /* NTArchiverAndUnarchiver.h */ = {isa = PBXFileReference; lastKnownFileType = sourcecode.c.h; path = NTArchiverAndUnarchiver.h; sourceTree = "<group>"; };
		C46256DC21BF949C00809B23 /* NTArchiverAndUnarchiver.m */ = {isa = PBXFileReference; lastKnownFileType = sourcecode.c.objc; path = NTArchiverAndUnarchiver.m; sourceTree = "<group>"; };
/* End PBXFileReference section */

/* Begin PBXFrameworksBuildPhase section */
		C412A72F21AE975E00708873 /* Frameworks */ = {
			isa = PBXFrameworksBuildPhase;
			buildActionMask = 2147483647;
			files = (
			);
			runOnlyForDeploymentPostprocessing = 0;
		};
/* End PBXFrameworksBuildPhase section */

/* Begin PBXGroup section */
		C412A72921AE975E00708873 = {
			isa = PBXGroup;
			children = (
				C412A73421AE975E00708873 /* NumberTable */,
				C412A73321AE975E00708873 /* Products */,
			);
			sourceTree = "<group>";
		};
		C412A73321AE975E00708873 /* Products */ = {
			isa = PBXGroup;
			children = (
				C412A73221AE975E00708873 /* NumberTable.app */,
			);
			name = Products;
			sourceTree = "<group>";
		};
		C412A73421AE975E00708873 /* NumberTable */ = {
			isa = PBXGroup;
			children = (
				C412A73521AE975E00708873 /* AppDelegate.h */,
				C412A73621AE975E00708873 /* AppDelegate.m */,
				C412A73B21AE975E00708873 /* Main.storyboard */,
				C46256CF21B8F18100809B23 /* NTChartView.h */,
				C46256D021B8F18100809B23 /* NTChartView.m */,
				C46256DB21BF949C00809B23 /* NTArchiverAndUnarchiver.h */,
				C46256DC21BF949C00809B23 /* NTArchiverAndUnarchiver.m */,
				C412A79721B4FDA000708873 /* ViewControllers */,
				C412A79D21B5000600708873 /* ViewModels */,
				C412A79A21B4FF8700708873 /* Model */,
				C412A74321AE976000708873 /* LaunchScreen.storyboard */,
				C412A74121AE976000708873 /* Assets.xcassets */,
				C412A74621AE976000708873 /* Info.plist */,
				C412A74721AE976000708873 /* main.m */,
				C412A73E21AE975E00708873 /* NumberTable.xcdatamodeld */,
			);
			path = NumberTable;
			sourceTree = "<group>";
		};
		C412A79721B4FDA000708873 /* ViewControllers */ = {
			isa = PBXGroup;
			children = (
				C412A78E21B1087700708873 /* NTListViewController.h */,
				C412A78D21B1087700708873 /* NTListViewController.m */,
				C412A78821B1087600708873 /* NTListDetailViewController.h */,
				C412A78421B1087600708873 /* NTListDetailViewController.m */,
				C412A78C21B1087700708873 /* NTStatsViewController.h */,
				C412A78B21B1087700708873 /* NTStatsViewController.m */,
				C412A78A21B1087700708873 /* NTListTableViewCell.h */,
				C412A78721B1087600708873 /* NTListTableViewCell.m */,
				C46256D221B92F3900809B23 /* NTAddItemToListTableViewCell.h */,
				C46256D321B92F3900809B23 /* NTAddItemToListTableViewCell.m */,
				C412A79E21B531EA00708873 /* NTNumberTableViewCellDelegate.h */,
				C46256CE21B8EAC000809B23 /* NTListDetailViewControllerDelegate.h */,
			);
			name = ViewControllers;
			sourceTree = "<group>";
		};
		C412A79A21B4FF8700708873 /* Model */ = {
			isa = PBXGroup;
			children = (
				C412A74E21AE97A800708873 /* NTNumber.h */,
				C412A74F21AE97A800708873 /* NTNumber.m */,
				C412A75121AE97C700708873 /* NTNumberStore.h */,
				C412A75221AE97C700708873 /* NTNumberStore.m */,
			);
			name = Model;
			sourceTree = "<group>";
		};
		C412A79D21B5000600708873 /* ViewModels */ = {
			isa = PBXGroup;
			children = (
				C46256D521BBADD500809B23 /* NTListFatherViewModel.h */,
				C46256D621BBADD500809B23 /* NTListFatherViewModel.m */,
				C46256D821BBAFAD00809B23 /* NTListViewModel.h */,
				C46256D921BBAFAD00809B23 /* NTListViewModel.m */,
				C412A75721AE986600708873 /* NTFavouritesViewModel.h */,
				C412A75821AE986600708873 /* NTFavouritesViewModel.m */,
				C412A75A21AE987000708873 /* NTStatsViewModel.h */,
				C412A75B21AE987000708873 /* NTStatsViewModel.m */,
				C412A75D21AE98A300708873 /* NTListDetailViewModel.h */,
				C412A75E21AE98A300708873 /* NTListDetailViewModel.m */,
				C412A76021AE996E00708873 /* NTSharingFavouriteOrUnfavavourite.h */,
				C412A77621AFAA1100708873 /* NTItem.h */,
				C412A77721AFAA1100708873 /* NTItem.m */,
				C412A77921AFADAA00708873 /* NTNumberConverter.h */,
				C412A77A21AFADAA00708873 /* NTNumberConverter.m */,
			);
			name = ViewModels;
			sourceTree = "<group>";
		};
/* End PBXGroup section */

/* Begin PBXNativeTarget section */
		C412A73121AE975E00708873 /* NumberTable */ = {
			isa = PBXNativeTarget;
			buildConfigurationList = C412A74B21AE976000708873 /* Build configuration list for PBXNativeTarget "NumberTable" */;
			buildPhases = (
				C412A72E21AE975E00708873 /* Sources */,
				C412A72F21AE975E00708873 /* Frameworks */,
				C412A73021AE975E00708873 /* Resources */,
			);
			buildRules = (
			);
			dependencies = (
			);
			name = NumberTable;
			productName = NumberTable;
			productReference = C412A73221AE975E00708873 /* NumberTable.app */;
			productType = "com.apple.product-type.application";
		};
/* End PBXNativeTarget section */

/* Begin PBXProject section */
		C412A72A21AE975E00708873 /* Project object */ = {
			isa = PBXProject;
			attributes = {
				LastUpgradeCheck = 1010;
				ORGANIZATIONNAME = Kulizhnikov;
				TargetAttributes = {
					C412A73121AE975E00708873 = {
						CreatedOnToolsVersion = 10.1;
					};
				};
			};
			buildConfigurationList = C412A72D21AE975E00708873 /* Build configuration list for PBXProject "NumberTable" */;
			compatibilityVersion = "Xcode 9.3";
			developmentRegion = en;
			hasScannedForEncodings = 0;
			knownRegions = (
				en,
				Base,
			);
			mainGroup = C412A72921AE975E00708873;
			productRefGroup = C412A73321AE975E00708873 /* Products */;
			projectDirPath = "";
			projectRoot = "";
			targets = (
				C412A73121AE975E00708873 /* NumberTable */,
			);
		};
/* End PBXProject section */

/* Begin PBXResourcesBuildPhase section */
		C412A73021AE975E00708873 /* Resources */ = {
			isa = PBXResourcesBuildPhase;
			buildActionMask = 2147483647;
			files = (
				C412A74521AE976000708873 /* LaunchScreen.storyboard in Resources */,
				C412A74221AE976000708873 /* Assets.xcassets in Resources */,
				C412A73D21AE975E00708873 /* Main.storyboard in Resources */,
			);
			runOnlyForDeploymentPostprocessing = 0;
		};
/* End PBXResourcesBuildPhase section */

/* Begin PBXSourcesBuildPhase section */
		C412A72E21AE975E00708873 /* Sources */ = {
			isa = PBXSourcesBuildPhase;
			buildActionMask = 2147483647;
			files = (
				C412A77821AFAA1100708873 /* NTItem.m in Sources */,
				C412A77B21AFADAA00708873 /* NTNumberConverter.m in Sources */,
				C412A75C21AE987000708873 /* NTStatsViewModel.m in Sources */,
				C46256D121B8F18100809B23 /* NTChartView.m in Sources */,
				C412A74021AE975E00708873 /* NumberTable.xcdatamodeld in Sources */,
				C412A75F21AE98A300708873 /* NTListDetailViewModel.m in Sources */,
				C412A74821AE976000708873 /* main.m in Sources */,
				C46256D421B92F3900809B23 /* NTAddItemToListTableViewCell.m in Sources */,
				C412A79021B1087700708873 /* NTListDetailViewController.m in Sources */,
				C46256D721BBADD500809B23 /* NTListFatherViewModel.m in Sources */,
				C412A75921AE986600708873 /* NTFavouritesViewModel.m in Sources */,
				C412A73721AE975E00708873 /* AppDelegate.m in Sources */,
				C412A79421B1087700708873 /* NTListViewController.m in Sources */,
				C46256DA21BBAFAD00809B23 /* NTListViewModel.m in Sources */,
				C412A79121B1087700708873 /* NTListTableViewCell.m in Sources */,
				C412A79321B1087700708873 /* NTStatsViewController.m in Sources */,
				C412A75321AE97C700708873 /* NTNumberStore.m in Sources */,
				C46256DD21BF949C00809B23 /* NTArchiverAndUnarchiver.m in Sources */,
				C412A75021AE97A800708873 /* NTNumber.m in Sources */,
			);
			runOnlyForDeploymentPostprocessing = 0;
		};
/* End PBXSourcesBuildPhase section */

/* Begin PBXVariantGroup section */
		C412A73B21AE975E00708873 /* Main.storyboard */ = {
			isa = PBXVariantGroup;
			children = (
				C412A73C21AE975E00708873 /* Base */,
			);
			name = Main.storyboard;
			sourceTree = "<group>";
		};
		C412A74321AE976000708873 /* LaunchScreen.storyboard */ = {
			isa = PBXVariantGroup;
			children = (
				C412A74421AE976000708873 /* Base */,
			);
			name = LaunchScreen.storyboard;
			sourceTree = "<group>";
		};
/* End PBXVariantGroup section */

/* Begin XCBuildConfiguration section */
		C412A74921AE976000708873 /* Debug */ = {
			isa = XCBuildConfiguration;
			buildSettings = {
				ALWAYS_SEARCH_USER_PATHS = NO;
				CLANG_ANALYZER_NONNULL = YES;
				CLANG_ANALYZER_NUMBER_OBJECT_CONVERSION = YES_AGGRESSIVE;
				CLANG_CXX_LANGUAGE_STANDARD = "gnu++14";
				CLANG_CXX_LIBRARY = "libc++";
				CLANG_ENABLE_MODULES = YES;
				CLANG_ENABLE_OBJC_ARC = YES;
				CLANG_ENABLE_OBJC_WEAK = YES;
				CLANG_WARN_BLOCK_CAPTURE_AUTORELEASING = YES;
				CLANG_WARN_BOOL_CONVERSION = YES;
				CLANG_WARN_COMMA = YES;
				CLANG_WARN_CONSTANT_CONVERSION = YES;
				CLANG_WARN_DEPRECATED_OBJC_IMPLEMENTATIONS = YES;
				CLANG_WARN_DIRECT_OBJC_ISA_USAGE = YES_ERROR;
				CLANG_WARN_DOCUMENTATION_COMMENTS = YES;
				CLANG_WARN_EMPTY_BODY = YES;
				CLANG_WARN_ENUM_CONVERSION = YES;
				CLANG_WARN_INFINITE_RECURSION = YES;
				CLANG_WARN_INT_CONVERSION = YES;
				CLANG_WARN_NON_LITERAL_NULL_CONVERSION = YES;
				CLANG_WARN_OBJC_IMPLICIT_RETAIN_SELF = YES;
				CLANG_WARN_OBJC_LITERAL_CONVERSION = YES;
				CLANG_WARN_OBJC_ROOT_CLASS = YES_ERROR;
				CLANG_WARN_RANGE_LOOP_ANALYSIS = YES;
				CLANG_WARN_STRICT_PROTOTYPES = YES;
				CLANG_WARN_SUSPICIOUS_MOVE = YES;
				CLANG_WARN_UNGUARDED_AVAILABILITY = YES_AGGRESSIVE;
				CLANG_WARN_UNREACHABLE_CODE = YES;
				CLANG_WARN__DUPLICATE_METHOD_MATCH = YES;
				CODE_SIGN_IDENTITY = "iPhone Developer";
				COPY_PHASE_STRIP = NO;
				DEBUG_INFORMATION_FORMAT = dwarf;
				ENABLE_STRICT_OBJC_MSGSEND = YES;
				ENABLE_TESTABILITY = YES;
				GCC_C_LANGUAGE_STANDARD = gnu11;
				GCC_DYNAMIC_NO_PIC = NO;
				GCC_NO_COMMON_BLOCKS = YES;
				GCC_OPTIMIZATION_LEVEL = 0;
				GCC_PREPROCESSOR_DEFINITIONS = (
					"DEBUG=1",
					"$(inherited)",
				);
				GCC_WARN_64_TO_32_BIT_CONVERSION = YES;
				GCC_WARN_ABOUT_RETURN_TYPE = YES_ERROR;
				GCC_WARN_UNDECLARED_SELECTOR = YES;
				GCC_WARN_UNINITIALIZED_AUTOS = YES_AGGRESSIVE;
				GCC_WARN_UNUSED_FUNCTION = YES;
				GCC_WARN_UNUSED_VARIABLE = YES;
				IPHONEOS_DEPLOYMENT_TARGET = 12.1;
				MTL_ENABLE_DEBUG_INFO = INCLUDE_SOURCE;
				MTL_FAST_MATH = YES;
				ONLY_ACTIVE_ARCH = YES;
				SDKROOT = iphoneos;
			};
			name = Debug;
		};
		C412A74A21AE976000708873 /* Release */ = {
			isa = XCBuildConfiguration;
			buildSettings = {
				ALWAYS_SEARCH_USER_PATHS = NO;
				CLANG_ANALYZER_NONNULL = YES;
				CLANG_ANALYZER_NUMBER_OBJECT_CONVERSION = YES_AGGRESSIVE;
				CLANG_CXX_LANGUAGE_STANDARD = "gnu++14";
				CLANG_CXX_LIBRARY = "libc++";
				CLANG_ENABLE_MODULES = YES;
				CLANG_ENABLE_OBJC_ARC = YES;
				CLANG_ENABLE_OBJC_WEAK = YES;
				CLANG_WARN_BLOCK_CAPTURE_AUTORELEASING = YES;
				CLANG_WARN_BOOL_CONVERSION = YES;
				CLANG_WARN_COMMA = YES;
				CLANG_WARN_CONSTANT_CONVERSION = YES;
				CLANG_WARN_DEPRECATED_OBJC_IMPLEMENTATIONS = YES;
				CLANG_WARN_DIRECT_OBJC_ISA_USAGE = YES_ERROR;
				CLANG_WARN_DOCUMENTATION_COMMENTS = YES;
				CLANG_WARN_EMPTY_BODY = YES;
				CLANG_WARN_ENUM_CONVERSION = YES;
				CLANG_WARN_INFINITE_RECURSION = YES;
				CLANG_WARN_INT_CONVERSION = YES;
				CLANG_WARN_NON_LITERAL_NULL_CONVERSION = YES;
				CLANG_WARN_OBJC_IMPLICIT_RETAIN_SELF = YES;
				CLANG_WARN_OBJC_LITERAL_CONVERSION = YES;
				CLANG_WARN_OBJC_ROOT_CLASS = YES_ERROR;
				CLANG_WARN_RANGE_LOOP_ANALYSIS = YES;
				CLANG_WARN_STRICT_PROTOTYPES = YES;
				CLANG_WARN_SUSPICIOUS_MOVE = YES;
				CLANG_WARN_UNGUARDED_AVAILABILITY = YES_AGGRESSIVE;
				CLANG_WARN_UNREACHABLE_CODE = YES;
				CLANG_WARN__DUPLICATE_METHOD_MATCH = YES;
				CODE_SIGN_IDENTITY = "iPhone Developer";
				COPY_PHASE_STRIP = NO;
				DEBUG_INFORMATION_FORMAT = "dwarf-with-dsym";
				ENABLE_NS_ASSERTIONS = NO;
				ENABLE_STRICT_OBJC_MSGSEND = YES;
				GCC_C_LANGUAGE_STANDARD = gnu11;
				GCC_NO_COMMON_BLOCKS = YES;
				GCC_WARN_64_TO_32_BIT_CONVERSION = YES;
				GCC_WARN_ABOUT_RETURN_TYPE = YES_ERROR;
				GCC_WARN_UNDECLARED_SELECTOR = YES;
				GCC_WARN_UNINITIALIZED_AUTOS = YES_AGGRESSIVE;
				GCC_WARN_UNUSED_FUNCTION = YES;
				GCC_WARN_UNUSED_VARIABLE = YES;
				IPHONEOS_DEPLOYMENT_TARGET = 12.1;
				MTL_ENABLE_DEBUG_INFO = NO;
				MTL_FAST_MATH = YES;
				SDKROOT = iphoneos;
				VALIDATE_PRODUCT = YES;
			};
			name = Release;
		};
		C412A74C21AE976000708873 /* Debug */ = {
			isa = XCBuildConfiguration;
			buildSettings = {
				ASSETCATALOG_COMPILER_APPICON_NAME = AppIcon;
				CLANG_ENABLE_OBJC_ARC = NO;
				CODE_SIGN_STYLE = Automatic;
				DEVELOPMENT_TEAM = 96HSFZQ5P3;
				HEADER_SEARCH_PATHS = "${PROJECT_DIR}/**";
				INFOPLIST_FILE = NumberTable/Info.plist;
				LD_RUNPATH_SEARCH_PATHS = (
					"$(inherited)",
					"@executable_path/Frameworks",
				);
				PRODUCT_BUNDLE_IDENTIFIER = com.s.kulizhnikov.NumberTable;
				PRODUCT_NAME = "$(TARGET_NAME)";
				TARGETED_DEVICE_FAMILY = "1,2";
			};
			name = Debug;
		};
		C412A74D21AE976000708873 /* Release */ = {
			isa = XCBuildConfiguration;
			buildSettings = {
				ASSETCATALOG_COMPILER_APPICON_NAME = AppIcon;
				CLANG_ENABLE_OBJC_ARC = NO;
				CODE_SIGN_STYLE = Automatic;
				DEVELOPMENT_TEAM = 96HSFZQ5P3;
				HEADER_SEARCH_PATHS = "${PROJECT_DIR}/**";
				INFOPLIST_FILE = NumberTable/Info.plist;
				LD_RUNPATH_SEARCH_PATHS = (
					"$(inherited)",
					"@executable_path/Frameworks",
				);
				PRODUCT_BUNDLE_IDENTIFIER = com.s.kulizhnikov.NumberTable;
				PRODUCT_NAME = "$(TARGET_NAME)";
				TARGETED_DEVICE_FAMILY = "1,2";
			};
			name = Release;
		};
/* End XCBuildConfiguration section */

/* Begin XCConfigurationList section */
		C412A72D21AE975E00708873 /* Build configuration list for PBXProject "NumberTable" */ = {
			isa = XCConfigurationList;
			buildConfigurations = (
				C412A74921AE976000708873 /* Debug */,
				C412A74A21AE976000708873 /* Release */,
			);
			defaultConfigurationIsVisible = 0;
			defaultConfigurationName = Release;
		};
		C412A74B21AE976000708873 /* Build configuration list for PBXNativeTarget "NumberTable" */ = {
			isa = XCConfigurationList;
			buildConfigurations = (
				C412A74C21AE976000708873 /* Debug */,
				C412A74D21AE976000708873 /* Release */,
			);
			defaultConfigurationIsVisible = 0;
			defaultConfigurationName = Release;
		};
/* End XCConfigurationList section */

/* Begin XCVersionGroup section */
		C412A73E21AE975E00708873 /* NumberTable.xcdatamodeld */ = {
			isa = XCVersionGroup;
			children = (
				C412A73F21AE975E00708873 /* NumberTable.xcdatamodel */,
			);
			currentVersion = C412A73F21AE975E00708873 /* NumberTable.xcdatamodel */;
			path = NumberTable.xcdatamodeld;
			sourceTree = "<group>";
			versionGroupType = wrapper.xcdatamodel;
		};
/* End XCVersionGroup section */
	};
	rootObject = C412A72A21AE975E00708873 /* Project object */;
}
